
Microsoft Visual Studio Solution File, Format Version 12.00
# Visual Studio 15
VisualStudioVersion = 15.0.28307.757
MinimumVisualStudioVersion = 10.0.40219.1
Project("{FAE04EC0-301F-11D3-BF4B-00C04F79EFBC}") = "Week02MVC", "Week02MVC\Week02MVC.csproj", "{EEE1E364-E41F-4964-BFA9-D7909A17197C}"
EndProject
Global
	GlobalSection(SolutionConfigurationPlatforms) = preSolution
		Debug|Any CPU = Debug|Any CPU
		Release|Any CPU = Release|Any CPU
	EndGlobalSection
	GlobalSection(ProjectConfigurationPlatforms) = postSolution
		{EEE1E364-E41F-4964-BFA9-D7909A17197C}.Debug|Any CPU.ActiveCfg = Debug|Any CPU
		{EEE1E364-E41F-4964-BFA9-D7909A17197C}.Debug|Any CPU.Build.0 = Debug|Any CPU
		{EEE1E364-E41F-4964-BFA9-D7909A17197C}.Release|Any CPU.ActiveCfg = Release|Any CPU
		{EEE1E364-E41F-4964-BFA9-D7909A17197C}.Release|Any CPU.Build.0 = Release|Any CPU
	EndGlobalSection
	GlobalSection(SolutionProperties) = preSolution
		HideSolutionNode = FALSE
	EndGlobalSection
	GlobalSection(ExtensibilityGlobals) = postSolution
		SolutionGuid = {9BEBE0BE-BE56-49DD-B7C3-E2C9952E1FD7}
	EndGlobalSection
EndGlobal
